// !$*UTF8*$!
{
	archiveVersion = 1;
	classes = {
	};
	objectVersion = 56;
	objects = {

/* Begin PBXBuildFile section */
		CFBB02482A8BE04800ABB5BC /* CodeView.swift in Sources */ = {isa = PBXBuildFile; fileRef = CFBB02472A8BE04800ABB5BC /* CodeView.swift */; };
		CFBB024A2A8BEDDE00ABB5BC /* AppClipOnBoarding.swift in Sources */ = {isa = PBXBuildFile; fileRef = CFBB02492A8BEDDE00ABB5BC /* AppClipOnBoarding.swift */; };
		CFC4648A2A84F50F00665491 /* MainView.swift in Sources */ = {isa = PBXBuildFile; fileRef = CFC464892A84F50F00665491 /* MainView.swift */; };
		CFD54A532A87845200F550E2 /* SpeechController.swift in Sources */ = {isa = PBXBuildFile; fileRef = CFD54A522A87845200F550E2 /* SpeechController.swift */; };
		CFD54A5B2A89D81900F550E2 /* TemanTuliAppClipsApp.swift in Sources */ = {isa = PBXBuildFile; fileRef = CFD54A5A2A89D81900F550E2 /* TemanTuliAppClipsApp.swift */; };
		CFD54A5D2A89D81900F550E2 /* ContentView.swift in Sources */ = {isa = PBXBuildFile; fileRef = CFD54A5C2A89D81900F550E2 /* ContentView.swift */; };
		CFD54A5F2A89D81A00F550E2 /* Assets.xcassets in Resources */ = {isa = PBXBuildFile; fileRef = CFD54A5E2A89D81A00F550E2 /* Assets.xcassets */; };
		CFD54A622A89D81A00F550E2 /* Preview Assets.xcassets in Resources */ = {isa = PBXBuildFile; fileRef = CFD54A612A89D81A00F550E2 /* Preview Assets.xcassets */; };
		CFD54A672A89D81A00F550E2 /* TemanTuliAppClips.app in Embed App Clips */ = {isa = PBXBuildFile; fileRef = CFD54A582A89D81900F550E2 /* TemanTuliAppClips.app */; settings = {ATTRIBUTES = (RemoveHeadersOnCopy, ); }; };
		EEB5E39D2A7A022C00E5D133 /* TemanTuliApp.swift in Sources */ = {isa = PBXBuildFile; fileRef = EEB5E39C2A7A022C00E5D133 /* TemanTuliApp.swift */; };
		EEB5E39F2A7A022C00E5D133 /* ContentView.swift in Sources */ = {isa = PBXBuildFile; fileRef = EEB5E39E2A7A022C00E5D133 /* ContentView.swift */; };
		EEB5E3A12A7A022C00E5D133 /* Assets.xcassets in Resources */ = {isa = PBXBuildFile; fileRef = EEB5E3A02A7A022C00E5D133 /* Assets.xcassets */; };
		EEB5E3A42A7A022C00E5D133 /* Preview Assets.xcassets in Resources */ = {isa = PBXBuildFile; fileRef = EEB5E3A32A7A022C00E5D133 /* Preview Assets.xcassets */; };
		EEB5E3AE2A7A022D00E5D133 /* TemanTuliTests.swift in Sources */ = {isa = PBXBuildFile; fileRef = EEB5E3AD2A7A022D00E5D133 /* TemanTuliTests.swift */; };
		EEB5E3B82A7A022D00E5D133 /* TemanTuliUITests.swift in Sources */ = {isa = PBXBuildFile; fileRef = EEB5E3B72A7A022D00E5D133 /* TemanTuliUITests.swift */; };
		EEB5E3BA2A7A022D00E5D133 /* TemanTuliUITestsLaunchTests.swift in Sources */ = {isa = PBXBuildFile; fileRef = EEB5E3B92A7A022D00E5D133 /* TemanTuliUITestsLaunchTests.swift */; };
		EEB5E3CD2A80899E00E5D133 /* CameraViewModel.swift in Sources */ = {isa = PBXBuildFile; fileRef = EEB5E3CC2A80899E00E5D133 /* CameraViewModel.swift */; };
		EEB5E3D22A808ADA00E5D133 /* ErrorView.swift in Sources */ = {isa = PBXBuildFile; fileRef = EEB5E3D12A808ADA00E5D133 /* ErrorView.swift */; };
		EEB5E3D52A808B4A00E5D133 /* CameraError.swift in Sources */ = {isa = PBXBuildFile; fileRef = EEB5E3D42A808B4A00E5D133 /* CameraError.swift */; };
		EEB5E3DB2A808F5C00E5D133 /* UIImage.swift in Sources */ = {isa = PBXBuildFile; fileRef = EEB5E3DA2A808F5C00E5D133 /* UIImage.swift */; };
		EEB5E3DD2A808F8A00E5D133 /* Float.swift in Sources */ = {isa = PBXBuildFile; fileRef = EEB5E3DC2A808F8A00E5D133 /* Float.swift */; };
		EEB5E3DF2A808FA100E5D133 /* CGImage.swift in Sources */ = {isa = PBXBuildFile; fileRef = EEB5E3DE2A808FA100E5D133 /* CGImage.swift */; };
		EEB5E3E12A808FF200E5D133 /* FrameViewModel.swift in Sources */ = {isa = PBXBuildFile; fileRef = EEB5E3E02A808FF200E5D133 /* FrameViewModel.swift */; };
		EEB5E3E32A80902900E5D133 /* ClassificationViewModel.swift in Sources */ = {isa = PBXBuildFile; fileRef = EEB5E3E22A80902900E5D133 /* ClassificationViewModel.swift */; };
		EEB5E3E52A8090A600E5D133 /* ContentViewModel.swift in Sources */ = {isa = PBXBuildFile; fileRef = EEB5E3E42A8090A600E5D133 /* ContentViewModel.swift */; };
		EEB5E3E82A80920500E5D133 /* FrameView.swift in Sources */ = {isa = PBXBuildFile; fileRef = EEB5E3E72A80920500E5D133 /* FrameView.swift */; };
		EEB5E3EA2A80921400E5D133 /* CameraView.swift in Sources */ = {isa = PBXBuildFile; fileRef = EEB5E3E92A80921400E5D133 /* CameraView.swift */; };
		EEB5E3EC2A80957900E5D133 /* HomeView.swift in Sources */ = {isa = PBXBuildFile; fileRef = EEB5E3EB2A80957900E5D133 /* HomeView.swift */; };
		EEB5E42A2A809A8B00E5D133 /* CameraPreview.swift in Sources */ = {isa = PBXBuildFile; fileRef = EEB5E4292A809A8B00E5D133 /* CameraPreview.swift */; };
		EEB5E42C2A809BF500E5D133 /* TuliHand.mlmodel in Sources */ = {isa = PBXBuildFile; fileRef = EEB5E42B2A809BF500E5D133 /* TuliHand.mlmodel */; };
/* End PBXBuildFile section */

/* Begin PBXContainerItemProxy section */
		CFD54A652A89D81A00F550E2 /* PBXContainerItemProxy */ = {
			isa = PBXContainerItemProxy;
			containerPortal = EEB5E3912A7A022C00E5D133 /* Project object */;
			proxyType = 1;
			remoteGlobalIDString = CFD54A572A89D81900F550E2;
			remoteInfo = TemanTuliAppClips;
		};
		EEB5E3AA2A7A022D00E5D133 /* PBXContainerItemProxy */ = {
			isa = PBXContainerItemProxy;
			containerPortal = EEB5E3912A7A022C00E5D133 /* Project object */;
			proxyType = 1;
			remoteGlobalIDString = EEB5E3982A7A022C00E5D133;
			remoteInfo = TemanTuli;
		};
		EEB5E3B42A7A022D00E5D133 /* PBXContainerItemProxy */ = {
			isa = PBXContainerItemProxy;
			containerPortal = EEB5E3912A7A022C00E5D133 /* Project object */;
			proxyType = 1;
			remoteGlobalIDString = EEB5E3982A7A022C00E5D133;
			remoteInfo = TemanTuli;
		};
/* End PBXContainerItemProxy section */

/* Begin PBXCopyFilesBuildPhase section */
		CFD54A6B2A89D81A00F550E2 /* Embed App Clips */ = {
			isa = PBXCopyFilesBuildPhase;
			buildActionMask = 2147483647;
			dstPath = "$(CONTENTS_FOLDER_PATH)/AppClips";
			dstSubfolderSpec = 16;
			files = (
				CFD54A672A89D81A00F550E2 /* TemanTuliAppClips.app in Embed App Clips */,
			);
			name = "Embed App Clips";
			runOnlyForDeploymentPostprocessing = 0;
		};
/* End PBXCopyFilesBuildPhase section */

/* Begin PBXFileReference section */
		CFBB02472A8BE04800ABB5BC /* CodeView.swift */ = {isa = PBXFileReference; lastKnownFileType = sourcecode.swift; path = CodeView.swift; sourceTree = "<group>"; };
		CFBB02492A8BEDDE00ABB5BC /* AppClipOnBoarding.swift */ = {isa = PBXFileReference; lastKnownFileType = sourcecode.swift; path = AppClipOnBoarding.swift; sourceTree = "<group>"; };
		CFC464892A84F50F00665491 /* MainView.swift */ = {isa = PBXFileReference; lastKnownFileType = sourcecode.swift; path = MainView.swift; sourceTree = "<group>"; };
		CFD54A522A87845200F550E2 /* SpeechController.swift */ = {isa = PBXFileReference; lastKnownFileType = sourcecode.swift; path = SpeechController.swift; sourceTree = "<group>"; };
		CFD54A582A89D81900F550E2 /* TemanTuliAppClips.app */ = {isa = PBXFileReference; explicitFileType = wrapper.application; includeInIndex = 0; path = TemanTuliAppClips.app; sourceTree = BUILT_PRODUCTS_DIR; };
		CFD54A5A2A89D81900F550E2 /* TemanTuliAppClipsApp.swift */ = {isa = PBXFileReference; lastKnownFileType = sourcecode.swift; path = TemanTuliAppClipsApp.swift; sourceTree = "<group>"; };
		CFD54A5C2A89D81900F550E2 /* ContentView.swift */ = {isa = PBXFileReference; lastKnownFileType = sourcecode.swift; path = ContentView.swift; sourceTree = "<group>"; };
		CFD54A5E2A89D81A00F550E2 /* Assets.xcassets */ = {isa = PBXFileReference; lastKnownFileType = folder.assetcatalog; path = Assets.xcassets; sourceTree = "<group>"; };
		CFD54A612A89D81A00F550E2 /* Preview Assets.xcassets */ = {isa = PBXFileReference; lastKnownFileType = folder.assetcatalog; path = "Preview Assets.xcassets"; sourceTree = "<group>"; };
		CFD54A632A89D81A00F550E2 /* Info.plist */ = {isa = PBXFileReference; lastKnownFileType = text.plist.xml; path = Info.plist; sourceTree = "<group>"; };
		CFD54A642A89D81A00F550E2 /* TemanTuliAppClips.entitlements */ = {isa = PBXFileReference; lastKnownFileType = text.plist.entitlements; path = TemanTuliAppClips.entitlements; sourceTree = "<group>"; };
		CFD54A6C2A89D90300F550E2 /* TemanTuli.entitlements */ = {isa = PBXFileReference; lastKnownFileType = text.plist.entitlements; path = TemanTuli.entitlements; sourceTree = "<group>"; };
		EEB5E3992A7A022C00E5D133 /* TemanTuli.app */ = {isa = PBXFileReference; explicitFileType = wrapper.application; includeInIndex = 0; path = TemanTuli.app; sourceTree = BUILT_PRODUCTS_DIR; };
		EEB5E39C2A7A022C00E5D133 /* TemanTuliApp.swift */ = {isa = PBXFileReference; lastKnownFileType = sourcecode.swift; path = TemanTuliApp.swift; sourceTree = "<group>"; };
		EEB5E39E2A7A022C00E5D133 /* ContentView.swift */ = {isa = PBXFileReference; lastKnownFileType = sourcecode.swift; path = ContentView.swift; sourceTree = "<group>"; };
		EEB5E3A02A7A022C00E5D133 /* Assets.xcassets */ = {isa = PBXFileReference; lastKnownFileType = folder.assetcatalog; path = Assets.xcassets; sourceTree = "<group>"; };
		EEB5E3A32A7A022C00E5D133 /* Preview Assets.xcassets */ = {isa = PBXFileReference; lastKnownFileType = folder.assetcatalog; path = "Preview Assets.xcassets"; sourceTree = "<group>"; };
		EEB5E3A92A7A022D00E5D133 /* TemanTuliTests.xctest */ = {isa = PBXFileReference; explicitFileType = wrapper.cfbundle; includeInIndex = 0; path = TemanTuliTests.xctest; sourceTree = BUILT_PRODUCTS_DIR; };
		EEB5E3AD2A7A022D00E5D133 /* TemanTuliTests.swift */ = {isa = PBXFileReference; lastKnownFileType = sourcecode.swift; path = TemanTuliTests.swift; sourceTree = "<group>"; };
		EEB5E3B32A7A022D00E5D133 /* TemanTuliUITests.xctest */ = {isa = PBXFileReference; explicitFileType = wrapper.cfbundle; includeInIndex = 0; path = TemanTuliUITests.xctest; sourceTree = BUILT_PRODUCTS_DIR; };
		EEB5E3B72A7A022D00E5D133 /* TemanTuliUITests.swift */ = {isa = PBXFileReference; lastKnownFileType = sourcecode.swift; path = TemanTuliUITests.swift; sourceTree = "<group>"; };
		EEB5E3B92A7A022D00E5D133 /* TemanTuliUITestsLaunchTests.swift */ = {isa = PBXFileReference; lastKnownFileType = sourcecode.swift; path = TemanTuliUITestsLaunchTests.swift; sourceTree = "<group>"; };
		EEB5E3CC2A80899E00E5D133 /* CameraViewModel.swift */ = {isa = PBXFileReference; lastKnownFileType = sourcecode.swift; path = CameraViewModel.swift; sourceTree = "<group>"; };
		EEB5E3D12A808ADA00E5D133 /* ErrorView.swift */ = {isa = PBXFileReference; lastKnownFileType = sourcecode.swift; path = ErrorView.swift; sourceTree = "<group>"; };
		EEB5E3D42A808B4A00E5D133 /* CameraError.swift */ = {isa = PBXFileReference; lastKnownFileType = sourcecode.swift; path = CameraError.swift; sourceTree = "<group>"; };
		EEB5E3DA2A808F5C00E5D133 /* UIImage.swift */ = {isa = PBXFileReference; lastKnownFileType = sourcecode.swift; path = UIImage.swift; sourceTree = "<group>"; };
		EEB5E3DC2A808F8A00E5D133 /* Float.swift */ = {isa = PBXFileReference; lastKnownFileType = sourcecode.swift; path = Float.swift; sourceTree = "<group>"; };
		EEB5E3DE2A808FA100E5D133 /* CGImage.swift */ = {isa = PBXFileReference; lastKnownFileType = sourcecode.swift; path = CGImage.swift; sourceTree = "<group>"; };
		EEB5E3E02A808FF200E5D133 /* FrameViewModel.swift */ = {isa = PBXFileReference; lastKnownFileType = sourcecode.swift; path = FrameViewModel.swift; sourceTree = "<group>"; };
		EEB5E3E22A80902900E5D133 /* ClassificationViewModel.swift */ = {isa = PBXFileReference; lastKnownFileType = sourcecode.swift; path = ClassificationViewModel.swift; sourceTree = "<group>"; };
		EEB5E3E42A8090A600E5D133 /* ContentViewModel.swift */ = {isa = PBXFileReference; lastKnownFileType = sourcecode.swift; path = ContentViewModel.swift; sourceTree = "<group>"; };
		EEB5E3E72A80920500E5D133 /* FrameView.swift */ = {isa = PBXFileReference; lastKnownFileType = sourcecode.swift; path = FrameView.swift; sourceTree = "<group>"; };
		EEB5E3E92A80921400E5D133 /* CameraView.swift */ = {isa = PBXFileReference; lastKnownFileType = sourcecode.swift; path = CameraView.swift; sourceTree = "<group>"; };
		EEB5E3EB2A80957900E5D133 /* HomeView.swift */ = {isa = PBXFileReference; lastKnownFileType = sourcecode.swift; path = HomeView.swift; sourceTree = "<group>"; };
		EEB5E4292A809A8B00E5D133 /* CameraPreview.swift */ = {isa = PBXFileReference; lastKnownFileType = sourcecode.swift; path = CameraPreview.swift; sourceTree = "<group>"; };
		EEB5E42B2A809BF500E5D133 /* TuliHand.mlmodel */ = {isa = PBXFileReference; lastKnownFileType = file.mlmodel; path = TuliHand.mlmodel; sourceTree = "<group>"; };
/* End PBXFileReference section */

/* Begin PBXFrameworksBuildPhase section */
		CFD54A552A89D81900F550E2 /* Frameworks */ = {
			isa = PBXFrameworksBuildPhase;
			buildActionMask = 2147483647;
			files = (
			);
			runOnlyForDeploymentPostprocessing = 0;
		};
		EEB5E3962A7A022C00E5D133 /* Frameworks */ = {
			isa = PBXFrameworksBuildPhase;
			buildActionMask = 2147483647;
			files = (
			);
			runOnlyForDeploymentPostprocessing = 0;
		};
		EEB5E3A62A7A022D00E5D133 /* Frameworks */ = {
			isa = PBXFrameworksBuildPhase;
			buildActionMask = 2147483647;
			files = (
			);
			runOnlyForDeploymentPostprocessing = 0;
		};
		EEB5E3B02A7A022D00E5D133 /* Frameworks */ = {
			isa = PBXFrameworksBuildPhase;
			buildActionMask = 2147483647;
			files = (
			);
			runOnlyForDeploymentPostprocessing = 0;
		};
/* End PBXFrameworksBuildPhase section */

/* Begin PBXGroup section */
		CFD54A592A89D81900F550E2 /* TemanTuliAppClips */ = {
			isa = PBXGroup;
			children = (
				CFD54A5A2A89D81900F550E2 /* TemanTuliAppClipsApp.swift */,
				CFBB02492A8BEDDE00ABB5BC /* AppClipOnBoarding.swift */,
				CFD54A5C2A89D81900F550E2 /* ContentView.swift */,
				CFD54A5E2A89D81A00F550E2 /* Assets.xcassets */,
				CFD54A632A89D81A00F550E2 /* Info.plist */,
				CFD54A642A89D81A00F550E2 /* TemanTuliAppClips.entitlements */,
				CFD54A602A89D81A00F550E2 /* Preview Content */,
			);
			path = TemanTuliAppClips;
			sourceTree = "<group>";
		};
		CFD54A602A89D81A00F550E2 /* Preview Content */ = {
			isa = PBXGroup;
			children = (
				CFD54A612A89D81A00F550E2 /* Preview Assets.xcassets */,
			);
			path = "Preview Content";
			sourceTree = "<group>";
		};
		EEB5E3902A7A022C00E5D133 = {
			isa = PBXGroup;
			children = (
				CFD54A522A87845200F550E2 /* SpeechController.swift */,
				EEB5E39B2A7A022C00E5D133 /* TemanTuli */,
				EEB5E3AC2A7A022D00E5D133 /* TemanTuliTests */,
				EEB5E3B62A7A022D00E5D133 /* TemanTuliUITests */,
				CFD54A592A89D81900F550E2 /* TemanTuliAppClips */,
				EEB5E39A2A7A022C00E5D133 /* Products */,
			);
			sourceTree = "<group>";
		};
		EEB5E39A2A7A022C00E5D133 /* Products */ = {
			isa = PBXGroup;
			children = (
				EEB5E3992A7A022C00E5D133 /* TemanTuli.app */,
				EEB5E3A92A7A022D00E5D133 /* TemanTuliTests.xctest */,
				EEB5E3B32A7A022D00E5D133 /* TemanTuliUITests.xctest */,
				CFD54A582A89D81900F550E2 /* TemanTuliAppClips.app */,
			);
			name = Products;
			sourceTree = "<group>";
		};
		EEB5E39B2A7A022C00E5D133 /* TemanTuli */ = {
			isa = PBXGroup;
			children = (
				CFD54A6C2A89D90300F550E2 /* TemanTuli.entitlements */,
				EEB5E42B2A809BF500E5D133 /* TuliHand.mlmodel */,
				EEB5E3D32A808B3B00E5D133 /* Extension */,
				EEB5E3CB2A80898C00E5D133 /* View */,
				EEB5E3CA2A80898000E5D133 /* ViewModel */,
				EEB5E39C2A7A022C00E5D133 /* TemanTuliApp.swift */,
				EEB5E39E2A7A022C00E5D133 /* ContentView.swift */,
				EEB5E3A02A7A022C00E5D133 /* Assets.xcassets */,
				EEB5E3A22A7A022C00E5D133 /* Preview Content */,
			);
			path = TemanTuli;
			sourceTree = "<group>";
		};
		EEB5E3A22A7A022C00E5D133 /* Preview Content */ = {
			isa = PBXGroup;
			children = (
				EEB5E3A32A7A022C00E5D133 /* Preview Assets.xcassets */,
			);
			path = "Preview Content";
			sourceTree = "<group>";
		};
		EEB5E3AC2A7A022D00E5D133 /* TemanTuliTests */ = {
			isa = PBXGroup;
			children = (
				EEB5E3AD2A7A022D00E5D133 /* TemanTuliTests.swift */,
			);
			path = TemanTuliTests;
			sourceTree = "<group>";
		};
		EEB5E3B62A7A022D00E5D133 /* TemanTuliUITests */ = {
			isa = PBXGroup;
			children = (
				EEB5E3B72A7A022D00E5D133 /* TemanTuliUITests.swift */,
				EEB5E3B92A7A022D00E5D133 /* TemanTuliUITestsLaunchTests.swift */,
			);
			path = TemanTuliUITests;
			sourceTree = "<group>";
		};
		EEB5E3CA2A80898000E5D133 /* ViewModel */ = {
			isa = PBXGroup;
			children = (
				EEB5E3CC2A80899E00E5D133 /* CameraViewModel.swift */,
				EEB5E3E02A808FF200E5D133 /* FrameViewModel.swift */,
				EEB5E3E22A80902900E5D133 /* ClassificationViewModel.swift */,
				EEB5E3E42A8090A600E5D133 /* ContentViewModel.swift */,
				EEB5E4292A809A8B00E5D133 /* CameraPreview.swift */,
			);
			path = ViewModel;
			sourceTree = "<group>";
		};
		EEB5E3CB2A80898C00E5D133 /* View */ = {
			isa = PBXGroup;
			children = (
				CFC464892A84F50F00665491 /* MainView.swift */,
				CFBB02472A8BE04800ABB5BC /* CodeView.swift */,
				EEB5E3E62A8091AA00E5D133 /* Camera */,
				EEB5E3D02A808ACC00E5D133 /* ErrorView */,
				EEB5E3EB2A80957900E5D133 /* HomeView.swift */,
			);
			path = View;
			sourceTree = "<group>";
		};
		EEB5E3D02A808ACC00E5D133 /* ErrorView */ = {
			isa = PBXGroup;
			children = (
				EEB5E3D12A808ADA00E5D133 /* ErrorView.swift */,
			);
			path = ErrorView;
			sourceTree = "<group>";
		};
		EEB5E3D32A808B3B00E5D133 /* Extension */ = {
			isa = PBXGroup;
			children = (
				EEB5E3D42A808B4A00E5D133 /* CameraError.swift */,
				EEB5E3DA2A808F5C00E5D133 /* UIImage.swift */,
				EEB5E3DC2A808F8A00E5D133 /* Float.swift */,
				EEB5E3DE2A808FA100E5D133 /* CGImage.swift */,
			);
			path = Extension;
			sourceTree = "<group>";
		};
		EEB5E3E62A8091AA00E5D133 /* Camera */ = {
			isa = PBXGroup;
			children = (
				EEB5E3E72A80920500E5D133 /* FrameView.swift */,
				EEB5E3E92A80921400E5D133 /* CameraView.swift */,
			);
			path = Camera;
			sourceTree = "<group>";
		};
/* End PBXGroup section */

/* Begin PBXNativeTarget section */
		CFD54A572A89D81900F550E2 /* TemanTuliAppClips */ = {
			isa = PBXNativeTarget;
			buildConfigurationList = CFD54A682A89D81A00F550E2 /* Build configuration list for PBXNativeTarget "TemanTuliAppClips" */;
			buildPhases = (
				CFD54A542A89D81900F550E2 /* Sources */,
				CFD54A552A89D81900F550E2 /* Frameworks */,
				CFD54A562A89D81900F550E2 /* Resources */,
			);
			buildRules = (
			);
			dependencies = (
			);
			name = TemanTuliAppClips;
			productName = TemanTuliAppClips;
			productReference = CFD54A582A89D81900F550E2 /* TemanTuliAppClips.app */;
			productType = "com.apple.product-type.application.on-demand-install-capable";
		};
		EEB5E3982A7A022C00E5D133 /* TemanTuli */ = {
			isa = PBXNativeTarget;
			buildConfigurationList = EEB5E3BD2A7A022D00E5D133 /* Build configuration list for PBXNativeTarget "TemanTuli" */;
			buildPhases = (
				EEB5E3952A7A022C00E5D133 /* Sources */,
				EEB5E3962A7A022C00E5D133 /* Frameworks */,
				EEB5E3972A7A022C00E5D133 /* Resources */,
				CFD54A6B2A89D81A00F550E2 /* Embed App Clips */,
			);
			buildRules = (
			);
			dependencies = (
				CFD54A662A89D81A00F550E2 /* PBXTargetDependency */,
			);
			name = TemanTuli;
			productName = TemanTuli;
			productReference = EEB5E3992A7A022C00E5D133 /* TemanTuli.app */;
			productType = "com.apple.product-type.application";
		};
		EEB5E3A82A7A022D00E5D133 /* TemanTuliTests */ = {
			isa = PBXNativeTarget;
			buildConfigurationList = EEB5E3C02A7A022D00E5D133 /* Build configuration list for PBXNativeTarget "TemanTuliTests" */;
			buildPhases = (
				EEB5E3A52A7A022D00E5D133 /* Sources */,
				EEB5E3A62A7A022D00E5D133 /* Frameworks */,
				EEB5E3A72A7A022D00E5D133 /* Resources */,
			);
			buildRules = (
			);
			dependencies = (
				EEB5E3AB2A7A022D00E5D133 /* PBXTargetDependency */,
			);
			name = TemanTuliTests;
			productName = TemanTuliTests;
			productReference = EEB5E3A92A7A022D00E5D133 /* TemanTuliTests.xctest */;
			productType = "com.apple.product-type.bundle.unit-test";
		};
		EEB5E3B22A7A022D00E5D133 /* TemanTuliUITests */ = {
			isa = PBXNativeTarget;
			buildConfigurationList = EEB5E3C32A7A022D00E5D133 /* Build configuration list for PBXNativeTarget "TemanTuliUITests" */;
			buildPhases = (
				EEB5E3AF2A7A022D00E5D133 /* Sources */,
				EEB5E3B02A7A022D00E5D133 /* Frameworks */,
				EEB5E3B12A7A022D00E5D133 /* Resources */,
			);
			buildRules = (
			);
			dependencies = (
				EEB5E3B52A7A022D00E5D133 /* PBXTargetDependency */,
			);
			name = TemanTuliUITests;
			productName = TemanTuliUITests;
			productReference = EEB5E3B32A7A022D00E5D133 /* TemanTuliUITests.xctest */;
			productType = "com.apple.product-type.bundle.ui-testing";
		};
/* End PBXNativeTarget section */

/* Begin PBXProject section */
		EEB5E3912A7A022C00E5D133 /* Project object */ = {
			isa = PBXProject;
			attributes = {
				BuildIndependentTargetsInParallel = 1;
				LastSwiftUpdateCheck = 1430;
				LastUpgradeCheck = 1430;
				TargetAttributes = {
					CFD54A572A89D81900F550E2 = {
						CreatedOnToolsVersion = 14.3;
					};
					EEB5E3982A7A022C00E5D133 = {
						CreatedOnToolsVersion = 14.3.1;
					};
					EEB5E3A82A7A022D00E5D133 = {
						CreatedOnToolsVersion = 14.3.1;
						TestTargetID = EEB5E3982A7A022C00E5D133;
					};
					EEB5E3B22A7A022D00E5D133 = {
						CreatedOnToolsVersion = 14.3.1;
						TestTargetID = EEB5E3982A7A022C00E5D133;
					};
				};
			};
			buildConfigurationList = EEB5E3942A7A022C00E5D133 /* Build configuration list for PBXProject "TemanTuli" */;
			compatibilityVersion = "Xcode 14.0";
			developmentRegion = en;
			hasScannedForEncodings = 0;
			knownRegions = (
				en,
				Base,
			);
			mainGroup = EEB5E3902A7A022C00E5D133;
			productRefGroup = EEB5E39A2A7A022C00E5D133 /* Products */;
			projectDirPath = "";
			projectRoot = "";
			targets = (
				EEB5E3982A7A022C00E5D133 /* TemanTuli */,
				EEB5E3A82A7A022D00E5D133 /* TemanTuliTests */,
				EEB5E3B22A7A022D00E5D133 /* TemanTuliUITests */,
				CFD54A572A89D81900F550E2 /* TemanTuliAppClips */,
			);
		};
/* End PBXProject section */

/* Begin PBXResourcesBuildPhase section */
		CFD54A562A89D81900F550E2 /* Resources */ = {
			isa = PBXResourcesBuildPhase;
			buildActionMask = 2147483647;
			files = (
				CFD54A622A89D81A00F550E2 /* Preview Assets.xcassets in Resources */,
				CFD54A5F2A89D81A00F550E2 /* Assets.xcassets in Resources */,
			);
			runOnlyForDeploymentPostprocessing = 0;
		};
		EEB5E3972A7A022C00E5D133 /* Resources */ = {
			isa = PBXResourcesBuildPhase;
			buildActionMask = 2147483647;
			files = (
				EEB5E3A42A7A022C00E5D133 /* Preview Assets.xcassets in Resources */,
				EEB5E3A12A7A022C00E5D133 /* Assets.xcassets in Resources */,
			);
			runOnlyForDeploymentPostprocessing = 0;
		};
		EEB5E3A72A7A022D00E5D133 /* Resources */ = {
			isa = PBXResourcesBuildPhase;
			buildActionMask = 2147483647;
			files = (
			);
			runOnlyForDeploymentPostprocessing = 0;
		};
		EEB5E3B12A7A022D00E5D133 /* Resources */ = {
			isa = PBXResourcesBuildPhase;
			buildActionMask = 2147483647;
			files = (
			);
			runOnlyForDeploymentPostprocessing = 0;
		};
/* End PBXResourcesBuildPhase section */

/* Begin PBXSourcesBuildPhase section */
		CFD54A542A89D81900F550E2 /* Sources */ = {
			isa = PBXSourcesBuildPhase;
			buildActionMask = 2147483647;
			files = (
				CFBB024A2A8BEDDE00ABB5BC /* AppClipOnBoarding.swift in Sources */,
				CFD54A5D2A89D81900F550E2 /* ContentView.swift in Sources */,
				CFD54A5B2A89D81900F550E2 /* TemanTuliAppClipsApp.swift in Sources */,
			);
			runOnlyForDeploymentPostprocessing = 0;
		};
		EEB5E3952A7A022C00E5D133 /* Sources */ = {
			isa = PBXSourcesBuildPhase;
			buildActionMask = 2147483647;
			files = (
				EEB5E3E32A80902900E5D133 /* ClassificationViewModel.swift in Sources */,
				CFD54A532A87845200F550E2 /* SpeechController.swift in Sources */,
				EEB5E42C2A809BF500E5D133 /* TuliHand.mlmodel in Sources */,
				EEB5E3E82A80920500E5D133 /* FrameView.swift in Sources */,
				EEB5E3DF2A808FA100E5D133 /* CGImage.swift in Sources */,
				EEB5E39F2A7A022C00E5D133 /* ContentView.swift in Sources */,
				EEB5E3D22A808ADA00E5D133 /* ErrorView.swift in Sources */,
				EEB5E3CD2A80899E00E5D133 /* CameraViewModel.swift in Sources */,
				EEB5E3DD2A808F8A00E5D133 /* Float.swift in Sources */,
				EEB5E3DB2A808F5C00E5D133 /* UIImage.swift in Sources */,
				EEB5E3E52A8090A600E5D133 /* ContentViewModel.swift in Sources */,
				EEB5E42A2A809A8B00E5D133 /* CameraPreview.swift in Sources */,
				CFC4648A2A84F50F00665491 /* MainView.swift in Sources */,
				CFBB02482A8BE04800ABB5BC /* CodeView.swift in Sources */,
				EEB5E39D2A7A022C00E5D133 /* TemanTuliApp.swift in Sources */,
				EEB5E3E12A808FF200E5D133 /* FrameViewModel.swift in Sources */,
				EEB5E3EC2A80957900E5D133 /* HomeView.swift in Sources */,
				EEB5E3D52A808B4A00E5D133 /* CameraError.swift in Sources */,
				EEB5E3EA2A80921400E5D133 /* CameraView.swift in Sources */,
			);
			runOnlyForDeploymentPostprocessing = 0;
		};
		EEB5E3A52A7A022D00E5D133 /* Sources */ = {
			isa = PBXSourcesBuildPhase;
			buildActionMask = 2147483647;
			files = (
				EEB5E3AE2A7A022D00E5D133 /* TemanTuliTests.swift in Sources */,
			);
			runOnlyForDeploymentPostprocessing = 0;
		};
		EEB5E3AF2A7A022D00E5D133 /* Sources */ = {
			isa = PBXSourcesBuildPhase;
			buildActionMask = 2147483647;
			files = (
				EEB5E3BA2A7A022D00E5D133 /* TemanTuliUITestsLaunchTests.swift in Sources */,
				EEB5E3B82A7A022D00E5D133 /* TemanTuliUITests.swift in Sources */,
			);
			runOnlyForDeploymentPostprocessing = 0;
		};
/* End PBXSourcesBuildPhase section */

/* Begin PBXTargetDependency section */
		CFD54A662A89D81A00F550E2 /* PBXTargetDependency */ = {
			isa = PBXTargetDependency;
			target = CFD54A572A89D81900F550E2 /* TemanTuliAppClips */;
			targetProxy = CFD54A652A89D81A00F550E2 /* PBXContainerItemProxy */;
		};
		EEB5E3AB2A7A022D00E5D133 /* PBXTargetDependency */ = {
			isa = PBXTargetDependency;
			target = EEB5E3982A7A022C00E5D133 /* TemanTuli */;
			targetProxy = EEB5E3AA2A7A022D00E5D133 /* PBXContainerItemProxy */;
		};
		EEB5E3B52A7A022D00E5D133 /* PBXTargetDependency */ = {
			isa = PBXTargetDependency;
			target = EEB5E3982A7A022C00E5D133 /* TemanTuli */;
			targetProxy = EEB5E3B42A7A022D00E5D133 /* PBXContainerItemProxy */;
		};
/* End PBXTargetDependency section */

/* Begin XCBuildConfiguration section */
		CFD54A692A89D81A00F550E2 /* Debug */ = {
			isa = XCBuildConfiguration;
			buildSettings = {
				ASSETCATALOG_COMPILER_APPICON_NAME = AppIcon;
				ASSETCATALOG_COMPILER_GLOBAL_ACCENT_COLOR_NAME = AccentColor;
				CODE_SIGN_ENTITLEMENTS = TemanTuliAppClips/TemanTuliAppClips.entitlements;
				CODE_SIGN_STYLE = Automatic;
				CURRENT_PROJECT_VERSION = 1;
				DEVELOPMENT_ASSET_PATHS = "\"TemanTuliAppClips/Preview Content\"";
				DEVELOPMENT_TEAM = 3Y46Y6N99L;
				ENABLE_PREVIEWS = YES;
				GENERATE_INFOPLIST_FILE = YES;
				INFOPLIST_FILE = TemanTuliAppClips/Info.plist;
				INFOPLIST_KEY_CFBundleDisplayName = TemanTuli;
				INFOPLIST_KEY_NSMicrophoneUsageDescription = "\"You can get text from your speech through turn on your microphone\"";
				INFOPLIST_KEY_UIApplicationSceneManifest_Generation = YES;
				INFOPLIST_KEY_UIApplicationSupportsIndirectInputEvents = YES;
				INFOPLIST_KEY_UILaunchScreen_Generation = YES;
				INFOPLIST_KEY_UISupportedInterfaceOrientations = UIInterfaceOrientationPortrait;
				INFOPLIST_KEY_UISupportedInterfaceOrientations_iPad = "UIInterfaceOrientationLandscapeLeft UIInterfaceOrientationLandscapeRight UIInterfaceOrientationPortrait UIInterfaceOrientationPortraitUpsideDown";
				LD_RUNPATH_SEARCH_PATHS = (
					"$(inherited)",
					"@executable_path/Frameworks",
				);
				MARKETING_VERSION = 1.0;
				PRODUCT_BUNDLE_IDENTIFIER = com.ada.TemanTuli.Clip;
				PRODUCT_NAME = "$(TARGET_NAME)";
				SWIFT_EMIT_LOC_STRINGS = YES;
				SWIFT_VERSION = 5.0;
				TARGETED_DEVICE_FAMILY = "1,2";
			};
			name = Debug;
		};
		CFD54A6A2A89D81A00F550E2 /* Release */ = {
			isa = XCBuildConfiguration;
			buildSettings = {
				ASSETCATALOG_COMPILER_APPICON_NAME = AppIcon;
				ASSETCATALOG_COMPILER_GLOBAL_ACCENT_COLOR_NAME = AccentColor;
				CODE_SIGN_ENTITLEMENTS = TemanTuliAppClips/TemanTuliAppClips.entitlements;
				CODE_SIGN_STYLE = Automatic;
				CURRENT_PROJECT_VERSION = 1;
				DEVELOPMENT_ASSET_PATHS = "\"TemanTuliAppClips/Preview Content\"";
				DEVELOPMENT_TEAM = 3Y46Y6N99L;
				ENABLE_PREVIEWS = YES;
				GENERATE_INFOPLIST_FILE = YES;
				INFOPLIST_FILE = TemanTuliAppClips/Info.plist;
				INFOPLIST_KEY_CFBundleDisplayName = TemanTuli;
				INFOPLIST_KEY_NSMicrophoneUsageDescription = "\"You can get text from your speech through turn on your microphone\"";
				INFOPLIST_KEY_UIApplicationSceneManifest_Generation = YES;
				INFOPLIST_KEY_UIApplicationSupportsIndirectInputEvents = YES;
				INFOPLIST_KEY_UILaunchScreen_Generation = YES;
				INFOPLIST_KEY_UISupportedInterfaceOrientations = UIInterfaceOrientationPortrait;
				INFOPLIST_KEY_UISupportedInterfaceOrientations_iPad = "UIInterfaceOrientationLandscapeLeft UIInterfaceOrientationLandscapeRight UIInterfaceOrientationPortrait UIInterfaceOrientationPortraitUpsideDown";
				LD_RUNPATH_SEARCH_PATHS = (
					"$(inherited)",
					"@executable_path/Frameworks",
				);
				MARKETING_VERSION = 1.0;
				PRODUCT_BUNDLE_IDENTIFIER = com.ada.TemanTuli.Clip;
				PRODUCT_NAME = "$(TARGET_NAME)";
				SWIFT_EMIT_LOC_STRINGS = YES;
				SWIFT_VERSION = 5.0;
				TARGETED_DEVICE_FAMILY = "1,2";
			};
			name = Release;
		};
		EEB5E3BB2A7A022D00E5D133 /* Debug */ = {
			isa = XCBuildConfiguration;
			buildSettings = {
				ALWAYS_SEARCH_USER_PATHS = NO;
				CLANG_ANALYZER_NONNULL = YES;
				CLANG_ANALYZER_NUMBER_OBJECT_CONVERSION = YES_AGGRESSIVE;
				CLANG_CXX_LANGUAGE_STANDARD = "gnu++20";
				CLANG_ENABLE_MODULES = YES;
				CLANG_ENABLE_OBJC_ARC = YES;
				CLANG_ENABLE_OBJC_WEAK = YES;
				CLANG_WARN_BLOCK_CAPTURE_AUTORELEASING = YES;
				CLANG_WARN_BOOL_CONVERSION = YES;
				CLANG_WARN_COMMA = YES;
				CLANG_WARN_CONSTANT_CONVERSION = YES;
				CLANG_WARN_DEPRECATED_OBJC_IMPLEMENTATIONS = YES;
				CLANG_WARN_DIRECT_OBJC_ISA_USAGE = YES_ERROR;
				CLANG_WARN_DOCUMENTATION_COMMENTS = YES;
				CLANG_WARN_EMPTY_BODY = YES;
				CLANG_WARN_ENUM_CONVERSION = YES;
				CLANG_WARN_INFINITE_RECURSION = YES;
				CLANG_WARN_INT_CONVERSION = YES;
				CLANG_WARN_NON_LITERAL_NULL_CONVERSION = YES;
				CLANG_WARN_OBJC_IMPLICIT_RETAIN_SELF = YES;
				CLANG_WARN_OBJC_LITERAL_CONVERSION = YES;
				CLANG_WARN_OBJC_ROOT_CLASS = YES_ERROR;
				CLANG_WARN_QUOTED_INCLUDE_IN_FRAMEWORK_HEADER = YES;
				CLANG_WARN_RANGE_LOOP_ANALYSIS = YES;
				CLANG_WARN_STRICT_PROTOTYPES = YES;
				CLANG_WARN_SUSPICIOUS_MOVE = YES;
				CLANG_WARN_UNGUARDED_AVAILABILITY = YES_AGGRESSIVE;
				CLANG_WARN_UNREACHABLE_CODE = YES;
				CLANG_WARN__DUPLICATE_METHOD_MATCH = YES;
				COPY_PHASE_STRIP = NO;
				DEBUG_INFORMATION_FORMAT = dwarf;
				ENABLE_STRICT_OBJC_MSGSEND = YES;
				ENABLE_TESTABILITY = YES;
				GCC_C_LANGUAGE_STANDARD = gnu11;
				GCC_DYNAMIC_NO_PIC = NO;
				GCC_NO_COMMON_BLOCKS = YES;
				GCC_OPTIMIZATION_LEVEL = 0;
				GCC_PREPROCESSOR_DEFINITIONS = (
					"DEBUG=1",
					"$(inherited)",
				);
				GCC_WARN_64_TO_32_BIT_CONVERSION = YES;
				GCC_WARN_ABOUT_RETURN_TYPE = YES_ERROR;
				GCC_WARN_UNDECLARED_SELECTOR = YES;
				GCC_WARN_UNINITIALIZED_AUTOS = YES_AGGRESSIVE;
				GCC_WARN_UNUSED_FUNCTION = YES;
				GCC_WARN_UNUSED_VARIABLE = YES;
				INFOPLIST_KEY_NSMicrophoneUsageDescription = "\"You can get text from your speech through turn on your microphone\"";
				IPHONEOS_DEPLOYMENT_TARGET = 16.4;
				MTL_ENABLE_DEBUG_INFO = INCLUDE_SOURCE;
				MTL_FAST_MATH = YES;
				ONLY_ACTIVE_ARCH = YES;
				SDKROOT = iphoneos;
				SWIFT_ACTIVE_COMPILATION_CONDITIONS = DEBUG;
				SWIFT_OPTIMIZATION_LEVEL = "-Onone";
			};
			name = Debug;
		};
		EEB5E3BC2A7A022D00E5D133 /* Release */ = {
			isa = XCBuildConfiguration;
			buildSettings = {
				ALWAYS_SEARCH_USER_PATHS = NO;
				CLANG_ANALYZER_NONNULL = YES;
				CLANG_ANALYZER_NUMBER_OBJECT_CONVERSION = YES_AGGRESSIVE;
				CLANG_CXX_LANGUAGE_STANDARD = "gnu++20";
				CLANG_ENABLE_MODULES = YES;
				CLANG_ENABLE_OBJC_ARC = YES;
				CLANG_ENABLE_OBJC_WEAK = YES;
				CLANG_WARN_BLOCK_CAPTURE_AUTORELEASING = YES;
				CLANG_WARN_BOOL_CONVERSION = YES;
				CLANG_WARN_COMMA = YES;
				CLANG_WARN_CONSTANT_CONVERSION = YES;
				CLANG_WARN_DEPRECATED_OBJC_IMPLEMENTATIONS = YES;
				CLANG_WARN_DIRECT_OBJC_ISA_USAGE = YES_ERROR;
				CLANG_WARN_DOCUMENTATION_COMMENTS = YES;
				CLANG_WARN_EMPTY_BODY = YES;
				CLANG_WARN_ENUM_CONVERSION = YES;
				CLANG_WARN_INFINITE_RECURSION = YES;
				CLANG_WARN_INT_CONVERSION = YES;
				CLANG_WARN_NON_LITERAL_NULL_CONVERSION = YES;
				CLANG_WARN_OBJC_IMPLICIT_RETAIN_SELF = YES;
				CLANG_WARN_OBJC_LITERAL_CONVERSION = YES;
				CLANG_WARN_OBJC_ROOT_CLASS = YES_ERROR;
				CLANG_WARN_QUOTED_INCLUDE_IN_FRAMEWORK_HEADER = YES;
				CLANG_WARN_RANGE_LOOP_ANALYSIS = YES;
				CLANG_WARN_STRICT_PROTOTYPES = YES;
				CLANG_WARN_SUSPICIOUS_MOVE = YES;
				CLANG_WARN_UNGUARDED_AVAILABILITY = YES_AGGRESSIVE;
				CLANG_WARN_UNREACHABLE_CODE = YES;
				CLANG_WARN__DUPLICATE_METHOD_MATCH = YES;
				COPY_PHASE_STRIP = NO;
				DEBUG_INFORMATION_FORMAT = "dwarf-with-dsym";
				ENABLE_NS_ASSERTIONS = NO;
				ENABLE_STRICT_OBJC_MSGSEND = YES;
				GCC_C_LANGUAGE_STANDARD = gnu11;
				GCC_NO_COMMON_BLOCKS = YES;
				GCC_WARN_64_TO_32_BIT_CONVERSION = YES;
				GCC_WARN_ABOUT_RETURN_TYPE = YES_ERROR;
				GCC_WARN_UNDECLARED_SELECTOR = YES;
				GCC_WARN_UNINITIALIZED_AUTOS = YES_AGGRESSIVE;
				GCC_WARN_UNUSED_FUNCTION = YES;
				GCC_WARN_UNUSED_VARIABLE = YES;
				INFOPLIST_KEY_NSMicrophoneUsageDescription = "\"You can get text from your speech through turn on your microphone\"";
				IPHONEOS_DEPLOYMENT_TARGET = 16.4;
				MTL_ENABLE_DEBUG_INFO = NO;
				MTL_FAST_MATH = YES;
				SDKROOT = iphoneos;
				SWIFT_COMPILATION_MODE = wholemodule;
				SWIFT_OPTIMIZATION_LEVEL = "-O";
				VALIDATE_PRODUCT = YES;
			};
			name = Release;
		};
		EEB5E3BE2A7A022D00E5D133 /* Debug */ = {
			isa = XCBuildConfiguration;
			buildSettings = {
				ALWAYS_EMBED_SWIFT_STANDARD_LIBRARIES = YES;
				ASSETCATALOG_COMPILER_APPICON_NAME = AppIcon;
				ASSETCATALOG_COMPILER_GLOBAL_ACCENT_COLOR_NAME = AccentColor;
				CODE_SIGN_ENTITLEMENTS = TemanTuli/TemanTuli.entitlements;
				CODE_SIGN_STYLE = Automatic;
				CURRENT_PROJECT_VERSION = 1;
				DEVELOPMENT_ASSET_PATHS = "\"TemanTuli/Preview Content\"";
				DEVELOPMENT_TEAM = 3Y46Y6N99L;
				ENABLE_PREVIEWS = YES;
				GENERATE_INFOPLIST_FILE = YES;
				INFOPLIST_KEY_NSCameraUsageDescription = "This app required access to your camera to scan your hand motion";
				INFOPLIST_KEY_NSMicrophoneUsageDescription = "\"You can get text from your speech through turn on your microphone\"";
				INFOPLIST_KEY_NSSpeechRecognitionUsageDescription = "“You can view a text transcription of your speech in the app.”";
				INFOPLIST_KEY_UIApplicationSceneManifest_Generation = YES;
				INFOPLIST_KEY_UIApplicationSupportsIndirectInputEvents = YES;
				INFOPLIST_KEY_UILaunchScreen_Generation = YES;
				INFOPLIST_KEY_UIStatusBarStyle = "";
				INFOPLIST_KEY_UISupportedInterfaceOrientations = "UIInterfaceOrientationLandscapeLeft UIInterfaceOrientationLandscapeRight";
				LD_RUNPATH_SEARCH_PATHS = (
					"$(inherited)",
					"@executable_path/Frameworks",
				);
				MARKETING_VERSION = 1.0;
				PRODUCT_BUNDLE_IDENTIFIER = com.ada.TemanTuli;
				PRODUCT_NAME = "$(TARGET_NAME)";
				SWIFT_EMIT_LOC_STRINGS = YES;
				SWIFT_VERSION = 5.0;
				TARGETED_DEVICE_FAMILY = "1,2";
			};
			name = Debug;
		};
		EEB5E3BF2A7A022D00E5D133 /* Release */ = {
			isa = XCBuildConfiguration;
			buildSettings = {
				ALWAYS_EMBED_SWIFT_STANDARD_LIBRARIES = YES;
				ASSETCATALOG_COMPILER_APPICON_NAME = AppIcon;
				ASSETCATALOG_COMPILER_GLOBAL_ACCENT_COLOR_NAME = AccentColor;
				CODE_SIGN_ENTITLEMENTS = TemanTuli/TemanTuli.entitlements;
				CODE_SIGN_STYLE = Automatic;
				CURRENT_PROJECT_VERSION = 1;
				DEVELOPMENT_ASSET_PATHS = "\"TemanTuli/Preview Content\"";
				DEVELOPMENT_TEAM = 3Y46Y6N99L;
				ENABLE_PREVIEWS = YES;
				GENERATE_INFOPLIST_FILE = YES;
				INFOPLIST_KEY_NSCameraUsageDescription = "This app required access to your camera to scan your hand motion";
				INFOPLIST_KEY_NSMicrophoneUsageDescription = "\"You can get text from your speech through turn on your microphone\"";
				INFOPLIST_KEY_NSSpeechRecognitionUsageDescription = "“You can view a text transcription of your speech in the app.”";
				INFOPLIST_KEY_UIApplicationSceneManifest_Generation = YES;
				INFOPLIST_KEY_UIApplicationSupportsIndirectInputEvents = YES;
				INFOPLIST_KEY_UILaunchScreen_Generation = YES;
				INFOPLIST_KEY_UIStatusBarStyle = "";
				INFOPLIST_KEY_UISupportedInterfaceOrientations = "UIInterfaceOrientationLandscapeLeft UIInterfaceOrientationLandscapeRight";
				LD_RUNPATH_SEARCH_PATHS = (
					"$(inherited)",
					"@executable_path/Frameworks",
				);
				MARKETING_VERSION = 1.0;
				PRODUCT_BUNDLE_IDENTIFIER = com.ada.TemanTuli;
				PRODUCT_NAME = "$(TARGET_NAME)";
				SWIFT_EMIT_LOC_STRINGS = YES;
				SWIFT_VERSION = 5.0;
				TARGETED_DEVICE_FAMILY = "1,2";
			};
			name = Release;
		};
		EEB5E3C12A7A022D00E5D133 /* Debug */ = {
			isa = XCBuildConfiguration;
			buildSettings = {
				ALWAYS_EMBED_SWIFT_STANDARD_LIBRARIES = YES;
				BUNDLE_LOADER = "$(TEST_HOST)";
				CODE_SIGN_STYLE = Automatic;
				CURRENT_PROJECT_VERSION = 1;
				DEVELOPMENT_TEAM = 3Y46Y6N99L;
				GENERATE_INFOPLIST_FILE = YES;
				IPHONEOS_DEPLOYMENT_TARGET = 16.4;
				MARKETING_VERSION = 1.0;
				PRODUCT_BUNDLE_IDENTIFIER = com.ada.TemanTuliTests;
				PRODUCT_NAME = "$(TARGET_NAME)";
				SWIFT_EMIT_LOC_STRINGS = NO;
				SWIFT_VERSION = 5.0;
				TARGETED_DEVICE_FAMILY = "1,2";
				TEST_HOST = "$(BUILT_PRODUCTS_DIR)/TemanTuli.app/$(BUNDLE_EXECUTABLE_FOLDER_PATH)/TemanTuli";
			};
			name = Debug;
		};
		EEB5E3C22A7A022D00E5D133 /* Release */ = {
			isa = XCBuildConfiguration;
			buildSettings = {
				ALWAYS_EMBED_SWIFT_STANDARD_LIBRARIES = YES;
				BUNDLE_LOADER = "$(TEST_HOST)";
				CODE_SIGN_STYLE = Automatic;
				CURRENT_PROJECT_VERSION = 1;
				DEVELOPMENT_TEAM = 3Y46Y6N99L;
				GENERATE_INFOPLIST_FILE = YES;
				IPHONEOS_DEPLOYMENT_TARGET = 16.4;
				MARKETING_VERSION = 1.0;
				PRODUCT_BUNDLE_IDENTIFIER = com.ada.TemanTuliTests;
				PRODUCT_NAME = "$(TARGET_NAME)";
				SWIFT_EMIT_LOC_STRINGS = NO;
				SWIFT_VERSION = 5.0;
				TARGETED_DEVICE_FAMILY = "1,2";
				TEST_HOST = "$(BUILT_PRODUCTS_DIR)/TemanTuli.app/$(BUNDLE_EXECUTABLE_FOLDER_PATH)/TemanTuli";
			};
			name = Release;
		};
		EEB5E3C42A7A022D00E5D133 /* Debug */ = {
			isa = XCBuildConfiguration;
			buildSettings = {
				ALWAYS_EMBED_SWIFT_STANDARD_LIBRARIES = YES;
				CODE_SIGN_STYLE = Automatic;
				CURRENT_PROJECT_VERSION = 1;
				DEVELOPMENT_TEAM = 3P8PQZ7GZK;
				GENERATE_INFOPLIST_FILE = YES;
				MARKETING_VERSION = 1.0;
				PRODUCT_BUNDLE_IDENTIFIER = com.ada.TemanTuliUITests;
				PRODUCT_NAME = "$(TARGET_NAME)";
				SWIFT_EMIT_LOC_STRINGS = NO;
				SWIFT_VERSION = 5.0;
				TARGETED_DEVICE_FAMILY = "1,2";
				TEST_TARGET_NAME = TemanTuli;
			};
			name = Debug;
		};
		EEB5E3C52A7A022D00E5D133 /* Release */ = {
			isa = XCBuildConfiguration;
			buildSettings = {
				ALWAYS_EMBED_SWIFT_STANDARD_LIBRARIES = YES;
				CODE_SIGN_STYLE = Automatic;
				CURRENT_PROJECT_VERSION = 1;
				DEVELOPMENT_TEAM = 3P8PQZ7GZK;
				GENERATE_INFOPLIST_FILE = YES;
				MARKETING_VERSION = 1.0;
				PRODUCT_BUNDLE_IDENTIFIER = com.ada.TemanTuliUITests;
				PRODUCT_NAME = "$(TARGET_NAME)";
				SWIFT_EMIT_LOC_STRINGS = NO;
				SWIFT_VERSION = 5.0;
				TARGETED_DEVICE_FAMILY = "1,2";
				TEST_TARGET_NAME = TemanTuli;
			};
			name = Release;
		};
/* End XCBuildConfiguration section */

/* Begin XCConfigurationList section */
		CFD54A682A89D81A00F550E2 /* Build configuration list for PBXNativeTarget "TemanTuliAppClips" */ = {
			isa = XCConfigurationList;
			buildConfigurations = (
				CFD54A692A89D81A00F550E2 /* Debug */,
				CFD54A6A2A89D81A00F550E2 /* Release */,
			);
			defaultConfigurationIsVisible = 0;
			defaultConfigurationName = Release;
		};
		EEB5E3942A7A022C00E5D133 /* Build configuration list for PBXProject "TemanTuli" */ = {
			isa = XCConfigurationList;
			buildConfigurations = (
				EEB5E3BB2A7A022D00E5D133 /* Debug */,
				EEB5E3BC2A7A022D00E5D133 /* Release */,
			);
			defaultConfigurationIsVisible = 0;
			defaultConfigurationName = Release;
		};
		EEB5E3BD2A7A022D00E5D133 /* Build configuration list for PBXNativeTarget "TemanTuli" */ = {
			isa = XCConfigurationList;
			buildConfigurations = (
				EEB5E3BE2A7A022D00E5D133 /* Debug */,
				EEB5E3BF2A7A022D00E5D133 /* Release */,
			);
			defaultConfigurationIsVisible = 0;
			defaultConfigurationName = Release;
		};
		EEB5E3C02A7A022D00E5D133 /* Build configuration list for PBXNativeTarget "TemanTuliTests" */ = {
			isa = XCConfigurationList;
			buildConfigurations = (
				EEB5E3C12A7A022D00E5D133 /* Debug */,
				EEB5E3C22A7A022D00E5D133 /* Release */,
			);
			defaultConfigurationIsVisible = 0;
			defaultConfigurationName = Release;
		};
		EEB5E3C32A7A022D00E5D133 /* Build configuration list for PBXNativeTarget "TemanTuliUITests" */ = {
			isa = XCConfigurationList;
			buildConfigurations = (
				EEB5E3C42A7A022D00E5D133 /* Debug */,
				EEB5E3C52A7A022D00E5D133 /* Release */,
			);
			defaultConfigurationIsVisible = 0;
			defaultConfigurationName = Release;
		};
/* End XCConfigurationList section */
	};
	rootObject = EEB5E3912A7A022C00E5D133 /* Project object */;
}
